
Microsoft Visual Studio Solution File, Format Version 12.00
# Visual Studio Version 17
VisualStudioVersion = 17.14.36518.9 d17.14
MinimumVisualStudioVersion = 10.0.40219.1
Project("{FAE04EC0-301F-11D3-BF4B-00C04F79EFBC}") = "MaktabeGulabProject", "MaktabeGulabProject.csproj", "{B983645E-E442-EB30-4F8F-1DF707D4A5E7}"
EndProject
Global
	GlobalSection(SolutionConfigurationPlatforms) = preSolution
		Debug|Any CPU = Debug|Any CPU
		Release|Any CPU = Release|Any CPU
	EndGlobalSection
	GlobalSection(ProjectConfigurationPlatforms) = postSolution
		{B983645E-E442-EB30-4F8F-1DF707D4A5E7}.Debug|Any CPU.ActiveCfg = Debug|Any CPU
		{B983645E-E442-EB30-4F8F-1DF707D4A5E7}.Debug|Any CPU.Build.0 = Debug|Any CPU
		{B983645E-E442-EB30-4F8F-1DF707D4A5E7}.Release|Any CPU.ActiveCfg = Release|Any CPU
		{B983645E-E442-EB30-4F8F-1DF707D4A5E7}.Release|Any CPU.Build.0 = Release|Any CPU
	EndGlobalSection
	GlobalSection(SolutionProperties) = preSolution
		HideSolutionNode = FALSE
	EndGlobalSection
	GlobalSection(ExtensibilityGlobals) = postSolution
		SolutionGuid = {99D1322D-3834-495E-9030-663F549AF455}
	EndGlobalSection
EndGlobal
